{
  "originHash" : "f2371e6ac75c74c2712658766d2b1b41a8a89431fc747c73f6e48c59b9f2bd2d",
  "pins" : [
    {
      "identity" : "awlogger",
      "kind" : "remoteSourceControl",
      "location" : "git@github.com:dahiri-farid/AWLogger.git",
      "state" : {
        "branch" : "main",
        "revision" : "33b256e0a1516b83a716e51b557b7429f10a4f33"
      }
    },
    {
      "identity" : "purchases-ios",
      "kind" : "remoteSourceControl",
      "location" : "https://github.com/RevenueCat/purchases-ios.git",
      "state" : {
        "revision" : "709554156bb93c909b362e0b30ec0f2afee3df6e",
        "version" : "5.33.1"
      }
    },
    {
      "identity" : "swiftybeaver",
      "kind" : "remoteSourceControl",
      "location" : "https://github.com/SwiftyBeaver/SwiftyBeaver.git",
      "state" : {
        "revision" : "8cba041db09596183331d123f337d0eb2e6e8e91",
        "version" : "2.1.1"
      }
    }
  ],
  "version" : 3
}
